{
  "name": "online_education",
  "version": "1.0.0",
  "lockfileVersion": 1,
  "requires": true,
  "dependencies": {
    "bootstrap": {
      "version": "4.4.1",
      "resolved": "https://registry.npmjs.org/bootstrap/-/bootstrap-4.4.1.tgz",
      "integrity": "sha512-tbx5cHubwE6e2ZG7nqM3g/FZ5PQEDMWmMGNrCUBVRPHXTJaH7CBDdsLeu3eCh3B1tzAxTnAbtmrzvWEvT2NNEA=="
    },
    "codemirror": {
      "version": "5.52.0",
      "resolved": "https://registry.npmjs.org/codemirror/-/codemirror-5.52.0.tgz",
      "integrity": "sha512-K2UB6zjscrfME03HeRe/IuOmCeqNpw7PLKGHThYpLbZEuKf+ZoujJPhxZN4hHJS1O7QyzEsV7JJZGxuQWVaFCg=="
    },
    "jquery": {
      "version": "3.4.1",
      "resolved": "https://registry.npmjs.org/jquery/-/jquery-3.4.1.tgz",
      "integrity": "sha512-36+AdBzCL+y6qjw5Tx7HgzeGCzC81MDDgaUP8ld2zhx58HdqXGoBd+tHdrBMiyjGQs0Hxs/MLZTu/eHNJJuWPw=="
    },
    "popper.js": {
      "version": "1.16.1",
      "resolved": "https://registry.npmjs.org/popper.js/-/popper.js-1.16.1.tgz",
      "integrity": "sha512-Wb4p1J4zyFTbM+u6WuO4XstYx4Ky9Cewe4DWrel7B0w6VVICvPwdOpotjzcf6eD8TsckVnIMNONQyPIUFOUbCQ=="
    },
    "xterm": {
      "version": "4.4.0",
      "resolved": "https://registry.npmjs.org/xterm/-/xterm-4.4.0.tgz",
      "integrity": "sha512-JGIpigWM3EBWvnS3rtBuefkiToIILSK1HYMXy4BCsUpO+O4UeeV+/U1AdAXgCB6qJrnPNb7yLgBsVCQUNMteig=="
    },
    "xterm-addon-attach": {
      "version": "0.5.0",
      "resolved": "https://registry.npmjs.org/xterm-addon-attach/-/xterm-addon-attach-0.5.0.tgz",
      "integrity": "sha512-L6ThPjF/fVt+gJS2+2h2rEEAXNxIRmCU8/RCM6rYR08K9GtPiHmYcnpRT7WNJf31yFLpWVA8dKcItfP3C0ZKlA=="
    },
    "xterm-addon-fit": {
      "version": "0.3.0",
      "resolved": "https://registry.npmjs.org/xterm-addon-fit/-/xterm-addon-fit-0.3.0.tgz",
      "integrity": "sha512-kvkiqHVrnMXgyCH9Xn0BOBJ7XaWC/4BgpSWQy3SueqximgW630t/QOankgqkvk11iTOCwWdAY9DTyQBXUMN3lw=="
    }
  }
}
